// !$*UTF8*$!
{
	archiveVersion = 1;
	classes = {
	};
	objectVersion = 46;
	objects = {

/* Begin PBXBuildFile section */
		1600EED21AEFEB6B00004DEA /* HeaderView.swift in Sources */ = {isa = PBXBuildFile; fileRef = 1600EED11AEFEB6B00004DEA /* HeaderView.swift */; };
		2E1FDA441AFC489600167CF4 /* Images.xcassets in Resources */ = {isa = PBXBuildFile; fileRef = 2E1FDA431AFC489600167CF4 /* Images.xcassets */; };
		2E3FC2FA1AFC5BC6005F3A30 /* TabBarController.swift in Sources */ = {isa = PBXBuildFile; fileRef = 2E3FC2F91AFC5BC6005F3A30 /* TabBarController.swift */; };
		2E44426C1AF6D2400020CC8F /* Welcome.swift in Sources */ = {isa = PBXBuildFile; fileRef = 2E44426B1AF6D2400020CC8F /* Welcome.swift */; };
		2E4C3F101AF1692700FCFFDF /* NavigationController.swift in Sources */ = {isa = PBXBuildFile; fileRef = 2E4C3F0F1AF1692700FCFFDF /* NavigationController.swift */; };
		2E55B76A1AF2E6D20013E7CB /* OffersShownCell.swift in Sources */ = {isa = PBXBuildFile; fileRef = 2E55B7691AF2E6D20013E7CB /* OffersShownCell.swift */; };
		2E6141711AEA03D5004419BB /* AppDelegate.swift in Sources */ = {isa = PBXBuildFile; fileRef = 2E6141701AEA03D5004419BB /* AppDelegate.swift */; };
		2E6141731AEA03D5004419BB /* ViewController.swift in Sources */ = {isa = PBXBuildFile; fileRef = 2E6141721AEA03D5004419BB /* ViewController.swift */; };
		2E6141761AEA03D5004419BB /* Main.storyboard in Resources */ = {isa = PBXBuildFile; fileRef = 2E6141741AEA03D5004419BB /* Main.storyboard */; };
		2E61417B1AEA03D5004419BB /* LaunchScreen.xib in Resources */ = {isa = PBXBuildFile; fileRef = 2E6141791AEA03D5004419BB /* LaunchScreen.xib */; };
		2E6141871AEA03D6004419BB /* PersonalShopperTests.swift in Sources */ = {isa = PBXBuildFile; fileRef = 2E6141861AEA03D6004419BB /* PersonalShopperTests.swift */; };
		2E6141931AEA11E6004419BB /* Map.swift in Sources */ = {isa = PBXBuildFile; fileRef = 2E6141921AEA11E6004419BB /* Map.swift */; };
		2E9D3E491AEB4C5300610392 /* Offers.swift in Sources */ = {isa = PBXBuildFile; fileRef = 2E9D3E481AEB4C5300610392 /* Offers.swift */; };
		2E9D3E4D1AEB57BD00610392 /* Search.swift in Sources */ = {isa = PBXBuildFile; fileRef = 2E9D3E4C1AEB57BD00610392 /* Search.swift */; };
		2E9D3E4F1AEE9E9300610392 /* Notification.swift in Sources */ = {isa = PBXBuildFile; fileRef = 2E9D3E4E1AEE9E9300610392 /* Notification.swift */; };
		2E9D3E511AEEA95D00610392 /* Product.swift in Sources */ = {isa = PBXBuildFile; fileRef = 2E9D3E501AEEA95D00610392 /* Product.swift */; };
		2E9D3E531AEEAE4A00610392 /* Offer.swift in Sources */ = {isa = PBXBuildFile; fileRef = 2E9D3E521AEEAE4A00610392 /* Offer.swift */; };
		2EC04ACC1AF6B3830095A897 /* Design.swift in Sources */ = {isa = PBXBuildFile; fileRef = 2EC04ACB1AF6B3830095A897 /* Design.swift */; };
		2ED8073D1AF0206F0058A7A3 /* Map_VC.swift in Sources */ = {isa = PBXBuildFile; fileRef = 2ED8073C1AF0206F0058A7A3 /* Map_VC.swift */; };
		2EE454171AF4850C000A832D /* OffersShown.swift in Sources */ = {isa = PBXBuildFile; fileRef = 2EE454161AF4850C000A832D /* OffersShown.swift */; };
		2EE454191AF48547000A832D /* OffersPaper.swift in Sources */ = {isa = PBXBuildFile; fileRef = 2EE454181AF48547000A832D /* OffersPaper.swift */; };
		2EE4541B1AF48562000A832D /* OffersPaperCell.swift in Sources */ = {isa = PBXBuildFile; fileRef = 2EE4541A1AF48562000A832D /* OffersPaperCell.swift */; };
/* End PBXBuildFile section */

/* Begin PBXContainerItemProxy section */
		2E6141811AEA03D6004419BB /* PBXContainerItemProxy */ = {
			isa = PBXContainerItemProxy;
			containerPortal = 2E6141631AEA03D5004419BB /* Project object */;
			proxyType = 1;
			remoteGlobalIDString = 2E61416A1AEA03D5004419BB;
			remoteInfo = PersonalShopper;
		};
/* End PBXContainerItemProxy section */

/* Begin PBXFileReference section */
		1600EED11AEFEB6B00004DEA /* HeaderView.swift */ = {isa = PBXFileReference; fileEncoding = 4; lastKnownFileType = sourcecode.swift; path = HeaderView.swift; sourceTree = "<group>"; };
		2E1FDA431AFC489600167CF4 /* Images.xcassets */ = {isa = PBXFileReference; lastKnownFileType = folder.assetcatalog; path = Images.xcassets; sourceTree = "<group>"; };
		2E3FC2F91AFC5BC6005F3A30 /* TabBarController.swift */ = {isa = PBXFileReference; fileEncoding = 4; lastKnownFileType = sourcecode.swift; path = TabBarController.swift; sourceTree = "<group>"; };
		2E44426B1AF6D2400020CC8F /* Welcome.swift */ = {isa = PBXFileReference; fileEncoding = 4; lastKnownFileType = sourcecode.swift; path = Welcome.swift; sourceTree = "<group>"; };
		2E4C3F0F1AF1692700FCFFDF /* NavigationController.swift */ = {isa = PBXFileReference; fileEncoding = 4; lastKnownFileType = sourcecode.swift; path = NavigationController.swift; sourceTree = "<group>"; };
		2E55B7691AF2E6D20013E7CB /* OffersShownCell.swift */ = {isa = PBXFileReference; fileEncoding = 4; lastKnownFileType = sourcecode.swift; path = OffersShownCell.swift; sourceTree = "<group>"; };
		2E61416B1AEA03D5004419BB /* PersonalShopper.app */ = {isa = PBXFileReference; explicitFileType = wrapper.application; includeInIndex = 0; path = PersonalShopper.app; sourceTree = BUILT_PRODUCTS_DIR; };
		2E61416F1AEA03D5004419BB /* Info.plist */ = {isa = PBXFileReference; lastKnownFileType = text.plist.xml; path = Info.plist; sourceTree = "<group>"; };
		2E6141701AEA03D5004419BB /* AppDelegate.swift */ = {isa = PBXFileReference; lastKnownFileType = sourcecode.swift; path = AppDelegate.swift; sourceTree = "<group>"; };
		2E6141721AEA03D5004419BB /* ViewController.swift */ = {isa = PBXFileReference; lastKnownFileType = sourcecode.swift; path = ViewController.swift; sourceTree = "<group>"; };
		2E6141751AEA03D5004419BB /* Base */ = {isa = PBXFileReference; lastKnownFileType = file.storyboard; name = Base; path = Base.lproj/Main.storyboard; sourceTree = "<group>"; };
		2E61417A1AEA03D5004419BB /* Base */ = {isa = PBXFileReference; lastKnownFileType = file.xib; name = Base; path = Base.lproj/LaunchScreen.xib; sourceTree = "<group>"; };
		2E6141801AEA03D6004419BB /* PersonalShopperTests.xctest */ = {isa = PBXFileReference; explicitFileType = wrapper.cfbundle; includeInIndex = 0; path = PersonalShopperTests.xctest; sourceTree = BUILT_PRODUCTS_DIR; };
		2E6141851AEA03D6004419BB /* Info.plist */ = {isa = PBXFileReference; lastKnownFileType = text.plist.xml; path = Info.plist; sourceTree = "<group>"; };
		2E6141861AEA03D6004419BB /* PersonalShopperTests.swift */ = {isa = PBXFileReference; lastKnownFileType = sourcecode.swift; path = PersonalShopperTests.swift; sourceTree = "<group>"; };
		2E6141921AEA11E6004419BB /* Map.swift */ = {isa = PBXFileReference; fileEncoding = 4; lastKnownFileType = sourcecode.swift; path = Map.swift; sourceTree = "<group>"; };
		2E9D3E481AEB4C5300610392 /* Offers.swift */ = {isa = PBXFileReference; fileEncoding = 4; lastKnownFileType = sourcecode.swift; path = Offers.swift; sourceTree = "<group>"; };
		2E9D3E4C1AEB57BD00610392 /* Search.swift */ = {isa = PBXFileReference; fileEncoding = 4; lastKnownFileType = sourcecode.swift; path = Search.swift; sourceTree = "<group>"; };
		2E9D3E4E1AEE9E9300610392 /* Notification.swift */ = {isa = PBXFileReference; fileEncoding = 4; lastKnownFileType = sourcecode.swift; path = Notification.swift; sourceTree = "<group>"; };
		2E9D3E501AEEA95D00610392 /* Product.swift */ = {isa = PBXFileReference; fileEncoding = 4; lastKnownFileType = sourcecode.swift; path = Product.swift; sourceTree = "<group>"; };
		2E9D3E521AEEAE4A00610392 /* Offer.swift */ = {isa = PBXFileReference; fileEncoding = 4; lastKnownFileType = sourcecode.swift; path = Offer.swift; sourceTree = "<group>"; };
		2EC04ACB1AF6B3830095A897 /* Design.swift */ = {isa = PBXFileReference; fileEncoding = 4; lastKnownFileType = sourcecode.swift; path = Design.swift; sourceTree = "<group>"; };
		2ED8073C1AF0206F0058A7A3 /* Map_VC.swift */ = {isa = PBXFileReference; fileEncoding = 4; lastKnownFileType = sourcecode.swift; path = Map_VC.swift; sourceTree = "<group>"; };
		2EE454161AF4850C000A832D /* OffersShown.swift */ = {isa = PBXFileReference; fileEncoding = 4; lastKnownFileType = sourcecode.swift; path = OffersShown.swift; sourceTree = "<group>"; };
		2EE454181AF48547000A832D /* OffersPaper.swift */ = {isa = PBXFileReference; fileEncoding = 4; lastKnownFileType = sourcecode.swift; path = OffersPaper.swift; sourceTree = "<group>"; };
		2EE4541A1AF48562000A832D /* OffersPaperCell.swift */ = {isa = PBXFileReference; fileEncoding = 4; lastKnownFileType = sourcecode.swift; path = OffersPaperCell.swift; sourceTree = "<group>"; };
/* End PBXFileReference section */

/* Begin PBXFrameworksBuildPhase section */
		2E6141681AEA03D5004419BB /* Frameworks */ = {
			isa = PBXFrameworksBuildPhase;
			buildActionMask = 2147483647;
			files = (
			);
			runOnlyForDeploymentPostprocessing = 0;
		};
		2E61417D1AEA03D6004419BB /* Frameworks */ = {
			isa = PBXFrameworksBuildPhase;
			buildActionMask = 2147483647;
			files = (
			);
			runOnlyForDeploymentPostprocessing = 0;
		};
/* End PBXFrameworksBuildPhase section */

/* Begin PBXGroup section */
		2E6141621AEA03D5004419BB = {
			isa = PBXGroup;
			children = (
				2E61416D1AEA03D5004419BB /* PersonalShopper */,
				2E6141831AEA03D6004419BB /* PersonalShopperTests */,
				2E61416C1AEA03D5004419BB /* Products */,
			);
			sourceTree = "<group>";
		};
		2E61416C1AEA03D5004419BB /* Products */ = {
			isa = PBXGroup;
			children = (
				2E61416B1AEA03D5004419BB /* PersonalShopper.app */,
				2E6141801AEA03D6004419BB /* PersonalShopperTests.xctest */,
			);
			name = Products;
			sourceTree = "<group>";
		};
		2E61416D1AEA03D5004419BB /* PersonalShopper */ = {
			isa = PBXGroup;
			children = (
				2E6141701AEA03D5004419BB /* AppDelegate.swift */,
				2EC04ACB1AF6B3830095A897 /* Design.swift */,
				2ED8073F1AF02CBB0058A7A3 /* Model */,
				2ED8073E1AF02C8F0058A7A3 /* Controller */,
				2ED807401AF02CD50058A7A3 /* View */,
				2E6141791AEA03D5004419BB /* LaunchScreen.xib */,
				2E61416E1AEA03D5004419BB /* Supporting Files */,
				2E1FDA431AFC489600167CF4 /* Images.xcassets */,
			);
			path = PersonalShopper;
			sourceTree = "<group>";
		};
		2E61416E1AEA03D5004419BB /* Supporting Files */ = {
			isa = PBXGroup;
			children = (
				2E61416F1AEA03D5004419BB /* Info.plist */,
			);
			name = "Supporting Files";
			sourceTree = "<group>";
		};
		2E6141831AEA03D6004419BB /* PersonalShopperTests */ = {
			isa = PBXGroup;
			children = (
				2E6141861AEA03D6004419BB /* PersonalShopperTests.swift */,
				2E6141841AEA03D6004419BB /* Supporting Files */,
			);
			path = PersonalShopperTests;
			sourceTree = "<group>";
		};
		2E6141841AEA03D6004419BB /* Supporting Files */ = {
			isa = PBXGroup;
			children = (
				2E6141851AEA03D6004419BB /* Info.plist */,
			);
			name = "Supporting Files";
			sourceTree = "<group>";
		};
		2ED8073E1AF02C8F0058A7A3 /* Controller */ = {
			isa = PBXGroup;
			children = (
				2E44426B1AF6D2400020CC8F /* Welcome.swift */,
				2E6141721AEA03D5004419BB /* ViewController.swift */,
				2ED8073C1AF0206F0058A7A3 /* Map_VC.swift */,
				2E4C3F0F1AF1692700FCFFDF /* NavigationController.swift */,
				2E3FC2F91AFC5BC6005F3A30 /* TabBarController.swift */,
			);
			name = Controller;
			sourceTree = "<group>";
		};
		2ED8073F1AF02CBB0058A7A3 /* Model */ = {
			isa = PBXGroup;
			children = (
				2E9D3E501AEEA95D00610392 /* Product.swift */,
				2E9D3E521AEEAE4A00610392 /* Offer.swift */,
				2E6141921AEA11E6004419BB /* Map.swift */,
			);
			name = Model;
			sourceTree = "<group>";
		};
		2ED807401AF02CD50058A7A3 /* View */ = {
			isa = PBXGroup;
			children = (
				2E6141741AEA03D5004419BB /* Main.storyboard */,
				1600EED11AEFEB6B00004DEA /* HeaderView.swift */,
				2EE4541C1AF4857F000A832D /* Offers */,
				2E9D3E4C1AEB57BD00610392 /* Search.swift */,
				2E9D3E4E1AEE9E9300610392 /* Notification.swift */,
			);
			name = View;
			sourceTree = "<group>";
		};
		2EE4541C1AF4857F000A832D /* Offers */ = {
			isa = PBXGroup;
			children = (
				2E9D3E481AEB4C5300610392 /* Offers.swift */,
				2EE454161AF4850C000A832D /* OffersShown.swift */,
				2E55B7691AF2E6D20013E7CB /* OffersShownCell.swift */,
				2EE454181AF48547000A832D /* OffersPaper.swift */,
				2EE4541A1AF48562000A832D /* OffersPaperCell.swift */,
			);
			name = Offers;
			sourceTree = "<group>";
		};
/* End PBXGroup section */

/* Begin PBXNativeTarget section */
		2E61416A1AEA03D5004419BB /* PersonalShopper */ = {
			isa = PBXNativeTarget;
			buildConfigurationList = 2E61418A1AEA03D6004419BB /* Build configuration list for PBXNativeTarget "PersonalShopper" */;
			buildPhases = (
				2E6141671AEA03D5004419BB /* Sources */,
				2E6141681AEA03D5004419BB /* Frameworks */,
				2E6141691AEA03D5004419BB /* Resources */,
			);
			buildRules = (
			);
			dependencies = (
			);
			name = PersonalShopper;
			productName = PersonalShopper;
			productReference = 2E61416B1AEA03D5004419BB /* PersonalShopper.app */;
			productType = "com.apple.product-type.application";
		};
		2E61417F1AEA03D6004419BB /* PersonalShopperTests */ = {
			isa = PBXNativeTarget;
			buildConfigurationList = 2E61418D1AEA03D6004419BB /* Build configuration list for PBXNativeTarget "PersonalShopperTests" */;
			buildPhases = (
				2E61417C1AEA03D6004419BB /* Sources */,
				2E61417D1AEA03D6004419BB /* Frameworks */,
				2E61417E1AEA03D6004419BB /* Resources */,
			);
			buildRules = (
			);
			dependencies = (
				2E6141821AEA03D6004419BB /* PBXTargetDependency */,
			);
			name = PersonalShopperTests;
			productName = PersonalShopperTests;
			productReference = 2E6141801AEA03D6004419BB /* PersonalShopperTests.xctest */;
			productType = "com.apple.product-type.bundle.unit-test";
		};
/* End PBXNativeTarget section */

/* Begin PBXProject section */
		2E6141631AEA03D5004419BB /* Project object */ = {
			isa = PBXProject;
			attributes = {
				LastUpgradeCheck = 0630;
				ORGANIZATIONNAME = Retail21;
				TargetAttributes = {
					2E61416A1AEA03D5004419BB = {
						CreatedOnToolsVersion = 6.3.1;
						DevelopmentTeam = E23E7FV55Y;
					};
					2E61417F1AEA03D6004419BB = {
						CreatedOnToolsVersion = 6.3.1;
						TestTargetID = 2E61416A1AEA03D5004419BB;
					};
				};
			};
			buildConfigurationList = 2E6141661AEA03D5004419BB /* Build configuration list for PBXProject "PersonalShopper" */;
			compatibilityVersion = "Xcode 3.2";
			developmentRegion = English;
			hasScannedForEncodings = 0;
			knownRegions = (
				en,
				Base,
			);
			mainGroup = 2E6141621AEA03D5004419BB;
			productRefGroup = 2E61416C1AEA03D5004419BB /* Products */;
			projectDirPath = "";
			projectRoot = "";
			targets = (
				2E61416A1AEA03D5004419BB /* PersonalShopper */,
				2E61417F1AEA03D6004419BB /* PersonalShopperTests */,
			);
		};
/* End PBXProject section */

/* Begin PBXResourcesBuildPhase section */
		2E6141691AEA03D5004419BB /* Resources */ = {
			isa = PBXResourcesBuildPhase;
			buildActionMask = 2147483647;
			files = (
				2E1FDA441AFC489600167CF4 /* Images.xcassets in Resources */,
				2E6141761AEA03D5004419BB /* Main.storyboard in Resources */,
				2E61417B1AEA03D5004419BB /* LaunchScreen.xib in Resources */,
			);
			runOnlyForDeploymentPostprocessing = 0;
		};
		2E61417E1AEA03D6004419BB /* Resources */ = {
			isa = PBXResourcesBuildPhase;
			buildActionMask = 2147483647;
			files = (
			);
			runOnlyForDeploymentPostprocessing = 0;
		};
/* End PBXResourcesBuildPhase section */

/* Begin PBXSourcesBuildPhase section */
		2E6141671AEA03D5004419BB /* Sources */ = {
			isa = PBXSourcesBuildPhase;
			buildActionMask = 2147483647;
			files = (
				2E3FC2FA1AFC5BC6005F3A30 /* TabBarController.swift in Sources */,
				2E9D3E531AEEAE4A00610392 /* Offer.swift in Sources */,
				2EC04ACC1AF6B3830095A897 /* Design.swift in Sources */,
				2ED8073D1AF0206F0058A7A3 /* Map_VC.swift in Sources */,
				2EE4541B1AF48562000A832D /* OffersPaperCell.swift in Sources */,
				1600EED21AEFEB6B00004DEA /* HeaderView.swift in Sources */,
				2E9D3E491AEB4C5300610392 /* Offers.swift in Sources */,
				2E44426C1AF6D2400020CC8F /* Welcome.swift in Sources */,
				2E6141731AEA03D5004419BB /* ViewController.swift in Sources */,
				2E9D3E4F1AEE9E9300610392 /* Notification.swift in Sources */,
				2E9D3E4D1AEB57BD00610392 /* Search.swift in Sources */,
				2EE454191AF48547000A832D /* OffersPaper.swift in Sources */,
				2E6141931AEA11E6004419BB /* Map.swift in Sources */,
				2E55B76A1AF2E6D20013E7CB /* OffersShownCell.swift in Sources */,
				2E6141711AEA03D5004419BB /* AppDelegate.swift in Sources */,
				2E9D3E511AEEA95D00610392 /* Product.swift in Sources */,
				2E4C3F101AF1692700FCFFDF /* NavigationController.swift in Sources */,
				2EE454171AF4850C000A832D /* OffersShown.swift in Sources */,
			);
			runOnlyForDeploymentPostprocessing = 0;
		};
		2E61417C1AEA03D6004419BB /* Sources */ = {
			isa = PBXSourcesBuildPhase;
			buildActionMask = 2147483647;
			files = (
				2E6141871AEA03D6004419BB /* PersonalShopperTests.swift in Sources */,
			);
			runOnlyForDeploymentPostprocessing = 0;
		};
/* End PBXSourcesBuildPhase section */

/* Begin PBXTargetDependency section */
		2E6141821AEA03D6004419BB /* PBXTargetDependency */ = {
			isa = PBXTargetDependency;
			target = 2E61416A1AEA03D5004419BB /* PersonalShopper */;
			targetProxy = 2E6141811AEA03D6004419BB /* PBXContainerItemProxy */;
		};
/* End PBXTargetDependency section */

/* Begin PBXVariantGroup section */
		2E6141741AEA03D5004419BB /* Main.storyboard */ = {
			isa = PBXVariantGroup;
			children = (
				2E6141751AEA03D5004419BB /* Base */,
			);
			name = Main.storyboard;
			sourceTree = "<group>";
		};
		2E6141791AEA03D5004419BB /* LaunchScreen.xib */ = {
			isa = PBXVariantGroup;
			children = (
				2E61417A1AEA03D5004419BB /* Base */,
			);
			name = LaunchScreen.xib;
			sourceTree = "<group>";
		};
/* End PBXVariantGroup section */

/* Begin XCBuildConfiguration section */
		2E6141881AEA03D6004419BB /* Debug */ = {
			isa = XCBuildConfiguration;
			buildSettings = {
				ALWAYS_SEARCH_USER_PATHS = NO;
				CLANG_CXX_LANGUAGE_STANDARD = "gnu++0x";
				CLANG_CXX_LIBRARY = "libc++";
				CLANG_ENABLE_MODULES = YES;
				CLANG_ENABLE_OBJC_ARC = YES;
				CLANG_WARN_BOOL_CONVERSION = YES;
				CLANG_WARN_CONSTANT_CONVERSION = YES;
				CLANG_WARN_DIRECT_OBJC_ISA_USAGE = YES_ERROR;
				CLANG_WARN_EMPTY_BODY = YES;
				CLANG_WARN_ENUM_CONVERSION = YES;
				CLANG_WARN_INT_CONVERSION = YES;
				CLANG_WARN_OBJC_ROOT_CLASS = YES_ERROR;
				CLANG_WARN_UNREACHABLE_CODE = YES;
				CLANG_WARN__DUPLICATE_METHOD_MATCH = YES;
				"CODE_SIGN_IDENTITY[sdk=iphoneos*]" = "iPhone Developer";
				COPY_PHASE_STRIP = NO;
				DEBUG_INFORMATION_FORMAT = "dwarf-with-dsym";
				ENABLE_STRICT_OBJC_MSGSEND = YES;
				GCC_C_LANGUAGE_STANDARD = gnu99;
				GCC_DYNAMIC_NO_PIC = NO;
				GCC_NO_COMMON_BLOCKS = YES;
				GCC_OPTIMIZATION_LEVEL = 0;
				GCC_PREPROCESSOR_DEFINITIONS = (
					"DEBUG=1",
					"$(inherited)",
				);
				GCC_SYMBOLS_PRIVATE_EXTERN = NO;
				GCC_WARN_64_TO_32_BIT_CONVERSION = YES;
				GCC_WARN_ABOUT_RETURN_TYPE = YES_ERROR;
				GCC_WARN_UNDECLARED_SELECTOR = YES;
				GCC_WARN_UNINITIALIZED_AUTOS = YES_AGGRESSIVE;
				GCC_WARN_UNUSED_FUNCTION = YES;
				GCC_WARN_UNUSED_VARIABLE = YES;
				IPHONEOS_DEPLOYMENT_TARGET = 8.3;
				MTL_ENABLE_DEBUG_INFO = YES;
				ONLY_ACTIVE_ARCH = YES;
				SDKROOT = iphoneos;
				SWIFT_OPTIMIZATION_LEVEL = "-Onone";
				TARGETED_DEVICE_FAMILY = "1,2";
			};
			name = Debug;
		};
		2E6141891AEA03D6004419BB /* Release */ = {
			isa = XCBuildConfiguration;
			buildSettings = {
				ALWAYS_SEARCH_USER_PATHS = NO;
				CLANG_CXX_LANGUAGE_STANDARD = "gnu++0x";
				CLANG_CXX_LIBRARY = "libc++";
				CLANG_ENABLE_MODULES = YES;
				CLANG_ENABLE_OBJC_ARC = YES;
				CLANG_WARN_BOOL_CONVERSION = YES;
				CLANG_WARN_CONSTANT_CONVERSION = YES;
				CLANG_WARN_DIRECT_OBJC_ISA_USAGE = YES_ERROR;
				CLANG_WARN_EMPTY_BODY = YES;
				CLANG_WARN_ENUM_CONVERSION = YES;
				CLANG_WARN_INT_CONVERSION = YES;
				CLANG_WARN_OBJC_ROOT_CLASS = YES_ERROR;
				CLANG_WARN_UNREACHABLE_CODE = YES;
				CLANG_WARN__DUPLICATE_METHOD_MATCH = YES;
				"CODE_SIGN_IDENTITY[sdk=iphoneos*]" = "iPhone Developer";
				COPY_PHASE_STRIP = NO;
				DEBUG_INFORMATION_FORMAT = "dwarf-with-dsym";
				ENABLE_NS_ASSERTIONS = NO;
				ENABLE_STRICT_OBJC_MSGSEND = YES;
				GCC_C_LANGUAGE_STANDARD = gnu99;
				GCC_NO_COMMON_BLOCKS = YES;
				GCC_WARN_64_TO_32_BIT_CONVERSION = YES;
				GCC_WARN_ABOUT_RETURN_TYPE = YES_ERROR;
				GCC_WARN_UNDECLARED_SELECTOR = YES;
				GCC_WARN_UNINITIALIZED_AUTOS = YES_AGGRESSIVE;
				GCC_WARN_UNUSED_FUNCTION = YES;
				GCC_WARN_UNUSED_VARIABLE = YES;
				IPHONEOS_DEPLOYMENT_TARGET = 8.3;
				MTL_ENABLE_DEBUG_INFO = NO;
				SDKROOT = iphoneos;
				TARGETED_DEVICE_FAMILY = "1,2";
				VALIDATE_PRODUCT = YES;
			};
			name = Release;
		};
		2E61418B1AEA03D6004419BB /* Debug */ = {
			isa = XCBuildConfiguration;
			buildSettings = {
				ASSETCATALOG_COMPILER_APPICON_NAME = AppIcon;
				CODE_SIGN_IDENTITY = "iPhone Developer";
				INFOPLIST_FILE = PersonalShopper/Info.plist;
				LD_RUNPATH_SEARCH_PATHS = "$(inherited) @executable_path/Frameworks";
				PRODUCT_NAME = "$(TARGET_NAME)";
				TARGETED_DEVICE_FAMILY = 2;
			};
			name = Debug;
		};
		2E61418C1AEA03D6004419BB /* Release */ = {
			isa = XCBuildConfiguration;
			buildSettings = {
				ASSETCATALOG_COMPILER_APPICON_NAME = AppIcon;
				CODE_SIGN_IDENTITY = "iPhone Developer";
				INFOPLIST_FILE = PersonalShopper/Info.plist;
				LD_RUNPATH_SEARCH_PATHS = "$(inherited) @executable_path/Frameworks";
				PRODUCT_NAME = "$(TARGET_NAME)";
				TARGETED_DEVICE_FAMILY = 2;
			};
			name = Release;
		};
		2E61418E1AEA03D6004419BB /* Debug */ = {
			isa = XCBuildConfiguration;
			buildSettings = {
				BUNDLE_LOADER = "$(TEST_HOST)";
				FRAMEWORK_SEARCH_PATHS = (
					"$(SDKROOT)/Developer/Library/Frameworks",
					"$(inherited)",
				);
				GCC_PREPROCESSOR_DEFINITIONS = (
					"DEBUG=1",
					"$(inherited)",
				);
				INFOPLIST_FILE = PersonalShopperTests/Info.plist;
				LD_RUNPATH_SEARCH_PATHS = "$(inherited) @executable_path/Frameworks @loader_path/Frameworks";
				PRODUCT_NAME = "$(TARGET_NAME)";
				TEST_HOST = "$(BUILT_PRODUCTS_DIR)/PersonalShopper.app/PersonalShopper";
			};
			name = Debug;
		};
		2E61418F1AEA03D6004419BB /* Release */ = {
			isa = XCBuildConfiguration;
			buildSettings = {
				BUNDLE_LOADER = "$(TEST_HOST)";
				FRAMEWORK_SEARCH_PATHS = (
					"$(SDKROOT)/Developer/Library/Frameworks",
					"$(inherited)",
				);
				INFOPLIST_FILE = PersonalShopperTests/Info.plist;
				LD_RUNPATH_SEARCH_PATHS = "$(inherited) @executable_path/Frameworks @loader_path/Frameworks";
				PRODUCT_NAME = "$(TARGET_NAME)";
				TEST_HOST = "$(BUILT_PRODUCTS_DIR)/PersonalShopper.app/PersonalShopper";
			};
			name = Release;
		};
/* End XCBuildConfiguration section */

/* Begin XCConfigurationList section */
		2E6141661AEA03D5004419BB /* Build configuration list for PBXProject "PersonalShopper" */ = {
			isa = XCConfigurationList;
			buildConfigurations = (
				2E6141881AEA03D6004419BB /* Debug */,
				2E6141891AEA03D6004419BB /* Release */,
			);
			defaultConfigurationIsVisible = 0;
			defaultConfigurationName = Release;
		};
		2E61418A1AEA03D6004419BB /* Build configuration list for PBXNativeTarget "PersonalShopper" */ = {
			isa = XCConfigurationList;
			buildConfigurations = (
				2E61418B1AEA03D6004419BB /* Debug */,
				2E61418C1AEA03D6004419BB /* Release */,
			);
			defaultConfigurationIsVisible = 0;
			defaultConfigurationName = Release;
		};
		2E61418D1AEA03D6004419BB /* Build configuration list for PBXNativeTarget "PersonalShopperTests" */ = {
			isa = XCConfigurationList;
			buildConfigurations = (
				2E61418E1AEA03D6004419BB /* Debug */,
				2E61418F1AEA03D6004419BB /* Release */,
			);
			defaultConfigurationIsVisible = 0;
			defaultConfigurationName = Release;
		};
/* End XCConfigurationList section */
	};
	rootObject = 2E6141631AEA03D5004419BB /* Project object */;
}
